
Microsoft Visual Studio Solution File, Format Version 12.00
# Visual Studio 15
VisualStudioVersion = 15.0.28010.2019
MinimumVisualStudioVersion = 10.0.40219.1
Project("{8BC9CEB8-8B4A-11D0-8D11-00A0C91BC942}") = "DVV-2018", "DVV-2018\DVV-2018.vcxproj", "{2F795D88-D270-49E2-8DA1-1AD2DE82F26B}"
EndProject
Global
	GlobalSection(SolutionConfigurationPlatforms) = preSolution
		Debug|x64 = Debug|x64
		Debug|x86 = Debug|x86
		Release|x64 = Release|x64
		Release|x86 = Release|x86
	EndGlobalSection
	GlobalSection(ProjectConfigurationPlatforms) = postSolution
		{2F795D88-D270-49E2-8DA1-1AD2DE82F26B}.Debug|x64.ActiveCfg = Debug|Win32
		{2F795D88-D270-49E2-8DA1-1AD2DE82F26B}.Debug|x64.Build.0 = Debug|Win32
		{2F795D88-D270-49E2-8DA1-1AD2DE82F26B}.Debug|x86.ActiveCfg = Debug|Win32
		{2F795D88-D270-49E2-8DA1-1AD2DE82F26B}.Debug|x86.Build.0 = Debug|Win32
		{2F795D88-D270-49E2-8DA1-1AD2DE82F26B}.Release|x64.ActiveCfg = Release|x64
		{2F795D88-D270-49E2-8DA1-1AD2DE82F26B}.Release|x64.Build.0 = Release|x64
		{2F795D88-D270-49E2-8DA1-1AD2DE82F26B}.Release|x86.ActiveCfg = Release|Win32
		{2F795D88-D270-49E2-8DA1-1AD2DE82F26B}.Release|x86.Build.0 = Release|Win32
	EndGlobalSection
	GlobalSection(SolutionProperties) = preSolution
		HideSolutionNode = FALSE
	EndGlobalSection
	GlobalSection(ExtensibilityGlobals) = postSolution
		SolutionGuid = {05588BC0-6175-4718-BF1D-FBD6E72E7EBD}
	EndGlobalSection
EndGlobal
